// !$*UTF8*$!
{
	archiveVersion = 1;
	classes = {
	};
	objectVersion = 56;
	objects = {

/* Begin PBXBuildFile section */
		1E62E2E62D0FC954003D10EB /* SequenceExtensions.swift in Sources */ = {isa = PBXBuildFile; fileRef = 1E62E2E52D0FC954003D10EB /* SequenceExtensions.swift */; };
		1E62E2E82D0FCC8D003D10EB /* PropertyCell.swift in Sources */ = {isa = PBXBuildFile; fileRef = 1E62E2E72D0FCC8D003D10EB /* PropertyCell.swift */; };
		1E62E2EA2D0FD37A003D10EB /* UIImageViewExtensions.swift in Sources */ = {isa = PBXBuildFile; fileRef = 1E62E2E92D0FD37A003D10EB /* UIImageViewExtensions.swift */; };
		1E62E2ED2D12132D003D10EB /* PropertyDetailViewController.swift in Sources */ = {isa = PBXBuildFile; fileRef = 1E62E2EC2D12132D003D10EB /* PropertyDetailViewController.swift */; };
		1E62E2F12D121433003D10EB /* CarouselView.swift in Sources */ = {isa = PBXBuildFile; fileRef = 1E62E2F02D121433003D10EB /* CarouselView.swift */; };
		1E62E2F32D121471003D10EB /* CarouselImageCell.swift in Sources */ = {isa = PBXBuildFile; fileRef = 1E62E2F22D121471003D10EB /* CarouselImageCell.swift */; };
		1E62E2F52D1219B6003D10EB /* ListViewControllerTableViewHelper.swift in Sources */ = {isa = PBXBuildFile; fileRef = 1E62E2F42D1219B6003D10EB /* ListViewControllerTableViewHelper.swift */; };
		1E7281B82D1227D90004396E /* PropertyDetailViewModel.swift in Sources */ = {isa = PBXBuildFile; fileRef = 1E7281B72D1227D90004396E /* PropertyDetailViewModel.swift */; };
		1E7281BA2D12284F0004396E /* CloudPropertyDetail.swift in Sources */ = {isa = PBXBuildFile; fileRef = 1E7281B92D12284F0004396E /* CloudPropertyDetail.swift */; };
		1E7281BC2D123AA90004396E /* FavoritesViewController.swift in Sources */ = {isa = PBXBuildFile; fileRef = 1E7281BB2D123AA90004396E /* FavoritesViewController.swift */; };
		1E7281BE2D1240020004396E /* FavoritesViewModel.swift in Sources */ = {isa = PBXBuildFile; fileRef = 1E7281BD2D1240020004396E /* FavoritesViewModel.swift */; };
		1E7281C02D136E770004396E /* Favorite.swift in Sources */ = {isa = PBXBuildFile; fileRef = 1E7281BF2D136E770004396E /* Favorite.swift */; };
		1E7281C32D13706A0004396E /* FavoriteLocalDatasource.swift in Sources */ = {isa = PBXBuildFile; fileRef = 1E7281C22D13706A0004396E /* FavoriteLocalDatasource.swift */; };
		1E7281C52D1371BB0004396E /* FavoriteRepository.swift in Sources */ = {isa = PBXBuildFile; fileRef = 1E7281C42D1371BB0004396E /* FavoriteRepository.swift */; };
		1E7281C72D1373E70004396E /* DateExtensions.swift in Sources */ = {isa = PBXBuildFile; fileRef = 1E7281C62D1373E70004396E /* DateExtensions.swift */; };
		1E7281C92D1391EE0004396E /* FavoriteCell.swift in Sources */ = {isa = PBXBuildFile; fileRef = 1E7281C82D1391EE0004396E /* FavoriteCell.swift */; };
		1E7281CB2D1392F90004396E /* FavoritesViewControllerTableViewHelper.swift in Sources */ = {isa = PBXBuildFile; fileRef = 1E7281CA2D1392F90004396E /* FavoritesViewControllerTableViewHelper.swift */; };
		1E7281CD2D13A3250004396E /* PropertyType.swift in Sources */ = {isa = PBXBuildFile; fileRef = 1E7281CC2D13A3250004396E /* PropertyType.swift */; };
		1E7281CF2D13A37F0004396E /* PropertyOperation.swift in Sources */ = {isa = PBXBuildFile; fileRef = 1E7281CE2D13A37F0004396E /* PropertyOperation.swift */; };
		1E7281D22D13AF4F0004396E /* Colors.swift in Sources */ = {isa = PBXBuildFile; fileRef = 1E7281D12D13AF4F0004396E /* Colors.swift */; };
		1E7281D52D14ABED0004396E /* DescriptionSheetViewController.swift in Sources */ = {isa = PBXBuildFile; fileRef = 1E7281D42D14ABED0004396E /* DescriptionSheetViewController.swift */; };
		1E8FA5302D0C6BD000C02D5E /* AppDelegate.swift in Sources */ = {isa = PBXBuildFile; fileRef = 1E8FA52F2D0C6BD000C02D5E /* AppDelegate.swift */; };
		1E8FA5322D0C6BD000C02D5E /* SceneDelegate.swift in Sources */ = {isa = PBXBuildFile; fileRef = 1E8FA5312D0C6BD000C02D5E /* SceneDelegate.swift */; };
		1E8FA5342D0C6BD000C02D5E /* ViewController.swift in Sources */ = {isa = PBXBuildFile; fileRef = 1E8FA5332D0C6BD000C02D5E /* ViewController.swift */; };
		1E8FA5372D0C6BD000C02D5E /* Main.storyboard in Resources */ = {isa = PBXBuildFile; fileRef = 1E8FA5352D0C6BD000C02D5E /* Main.storyboard */; };
		1E8FA53C2D0C6BD500C02D5E /* Assets.xcassets in Resources */ = {isa = PBXBuildFile; fileRef = 1E8FA53B2D0C6BD500C02D5E /* Assets.xcassets */; };
		1E8FA53F2D0C6BD500C02D5E /* LaunchScreen.storyboard in Resources */ = {isa = PBXBuildFile; fileRef = 1E8FA53D2D0C6BD500C02D5E /* LaunchScreen.storyboard */; };
		1E8FA54A2D0C6BD600C02D5E /* idealistaChallengeTests.swift in Sources */ = {isa = PBXBuildFile; fileRef = 1E8FA5492D0C6BD600C02D5E /* idealistaChallengeTests.swift */; };
		1E8FA5542D0C6BD600C02D5E /* idealistaChallengeUITests.swift in Sources */ = {isa = PBXBuildFile; fileRef = 1E8FA5532D0C6BD600C02D5E /* idealistaChallengeUITests.swift */; };
		1E8FA5562D0C6BD600C02D5E /* idealistaChallengeUITestsLaunchTests.swift in Sources */ = {isa = PBXBuildFile; fileRef = 1E8FA5552D0C6BD600C02D5E /* idealistaChallengeUITestsLaunchTests.swift */; };
		1E8FA5652D0F478700C02D5E /* HTTPSRequestManager.swift in Sources */ = {isa = PBXBuildFile; fileRef = 1E8FA5642D0F478700C02D5E /* HTTPSRequestManager.swift */; };
		1E8FA5672D0F47A700C02D5E /* Json.swift in Sources */ = {isa = PBXBuildFile; fileRef = 1E8FA5662D0F47A700C02D5E /* Json.swift */; };
		1E8FA5692D0F47CB00C02D5E /* IdealistaApi.swift in Sources */ = {isa = PBXBuildFile; fileRef = 1E8FA5682D0F47CB00C02D5E /* IdealistaApi.swift */; };
		1E8FA56C2D0F47F200C02D5E /* Environment.swift in Sources */ = {isa = PBXBuildFile; fileRef = 1E8FA56B2D0F47F200C02D5E /* Environment.swift */; };
		1E8FA5762D0F4C5200C02D5E /* MainProtocol.swift in Sources */ = {isa = PBXBuildFile; fileRef = 1E8FA5752D0F4C5200C02D5E /* MainProtocol.swift */; };
		1E8FA5782D0F4C7800C02D5E /* Observable.swift in Sources */ = {isa = PBXBuildFile; fileRef = 1E8FA5772D0F4C7800C02D5E /* Observable.swift */; };
		1E8FA57E2D0F4C8800C02D5E /* PersistenceManager.swift in Sources */ = {isa = PBXBuildFile; fileRef = 1E8FA57B2D0F4C8700C02D5E /* PersistenceManager.swift */; };
		1E8FA5A32D0F4D9000C02D5E /* TabBarController.swift in Sources */ = {isa = PBXBuildFile; fileRef = 1E8FA5A22D0F4D9000C02D5E /* TabBarController.swift */; };
		1E8FA5A52D0F4E0B00C02D5E /* ListViewController.swift in Sources */ = {isa = PBXBuildFile; fileRef = 1E8FA5A42D0F4E0B00C02D5E /* ListViewController.swift */; };
		1E8FA5A72D0F4E5000C02D5E /* ListViewModel.swift in Sources */ = {isa = PBXBuildFile; fileRef = 1E8FA5A62D0F4E5000C02D5E /* ListViewModel.swift */; };
		1E8FA5AA2D0F4F3300C02D5E /* UIViewExtensions.swift in Sources */ = {isa = PBXBuildFile; fileRef = 1E8FA5A92D0F4F3300C02D5E /* UIViewExtensions.swift */; };
		1E8FA5AC2D0F515200C02D5E /* SettingsViewController.swift in Sources */ = {isa = PBXBuildFile; fileRef = 1E8FA5AB2D0F515200C02D5E /* SettingsViewController.swift */; };
		1E8FA5AE2D0F523600C02D5E /* UIViewControllerExtensions.swift in Sources */ = {isa = PBXBuildFile; fileRef = 1E8FA5AD2D0F523600C02D5E /* UIViewControllerExtensions.swift */; };
		1E9AF7432D0F783900CC7EAF /* CloudProperty.swift in Sources */ = {isa = PBXBuildFile; fileRef = 1E9AF7422D0F783900CC7EAF /* CloudProperty.swift */; };
		1E9AF7452D0F7C5D00CC7EAF /* PropertyRemoteDatasource.swift in Sources */ = {isa = PBXBuildFile; fileRef = 1E9AF7442D0F7C5D00CC7EAF /* PropertyRemoteDatasource.swift */; };
		1E9AF7472D0F7E6900CC7EAF /* PropertyRepository.swift in Sources */ = {isa = PBXBuildFile; fileRef = 1E9AF7462D0F7E6900CC7EAF /* PropertyRepository.swift */; };
		1E9AF74B2D0FB0A400CC7EAF /* idealistaChallenge.xcdatamodeld in Sources */ = {isa = PBXBuildFile; fileRef = 1E9AF7492D0FB0A400CC7EAF /* idealistaChallenge.xcdatamodeld */; };
		1E9AF74D2D0FB30700CC7EAF /* Property.swift in Sources */ = {isa = PBXBuildFile; fileRef = 1E9AF74C2D0FB30600CC7EAF /* Property.swift */; };
		1E9AF74F2D0FB43F00CC7EAF /* PropertyPicture.swift in Sources */ = {isa = PBXBuildFile; fileRef = 1E9AF74E2D0FB43F00CC7EAF /* PropertyPicture.swift */; };
		1E9AF7512D0FB73A00CC7EAF /* PropertyLocalDatasource.swift in Sources */ = {isa = PBXBuildFile; fileRef = 1E9AF7502D0FB73A00CC7EAF /* PropertyLocalDatasource.swift */; };
		1ED95A3F2D14D1520059DAE2 /* RoundedMapView.swift in Sources */ = {isa = PBXBuildFile; fileRef = 1ED95A3E2D14D1520059DAE2 /* RoundedMapView.swift */; };
/* End PBXBuildFile section */

/* Begin PBXContainerItemProxy section */
		1E8FA5462D0C6BD600C02D5E /* PBXContainerItemProxy */ = {
			isa = PBXContainerItemProxy;
			containerPortal = 1E8FA5242D0C6BD000C02D5E /* Project object */;
			proxyType = 1;
			remoteGlobalIDString = 1E8FA52B2D0C6BD000C02D5E;
			remoteInfo = idealistaChallenge;
		};
		1E8FA5502D0C6BD600C02D5E /* PBXContainerItemProxy */ = {
			isa = PBXContainerItemProxy;
			containerPortal = 1E8FA5242D0C6BD000C02D5E /* Project object */;
			proxyType = 1;
			remoteGlobalIDString = 1E8FA52B2D0C6BD000C02D5E;
			remoteInfo = idealistaChallenge;
		};
/* End PBXContainerItemProxy section */

/* Begin PBXFileReference section */
		1E62E2E52D0FC954003D10EB /* SequenceExtensions.swift */ = {isa = PBXFileReference; lastKnownFileType = sourcecode.swift; path = SequenceExtensions.swift; sourceTree = "<group>"; };
		1E62E2E72D0FCC8D003D10EB /* PropertyCell.swift */ = {isa = PBXFileReference; lastKnownFileType = sourcecode.swift; path = PropertyCell.swift; sourceTree = "<group>"; };
		1E62E2E92D0FD37A003D10EB /* UIImageViewExtensions.swift */ = {isa = PBXFileReference; lastKnownFileType = sourcecode.swift; path = UIImageViewExtensions.swift; sourceTree = "<group>"; };
		1E62E2EC2D12132D003D10EB /* PropertyDetailViewController.swift */ = {isa = PBXFileReference; lastKnownFileType = sourcecode.swift; path = PropertyDetailViewController.swift; sourceTree = "<group>"; };
		1E62E2F02D121433003D10EB /* CarouselView.swift */ = {isa = PBXFileReference; lastKnownFileType = sourcecode.swift; path = CarouselView.swift; sourceTree = "<group>"; };
		1E62E2F22D121471003D10EB /* CarouselImageCell.swift */ = {isa = PBXFileReference; lastKnownFileType = sourcecode.swift; path = CarouselImageCell.swift; sourceTree = "<group>"; };
		1E62E2F42D1219B6003D10EB /* ListViewControllerTableViewHelper.swift */ = {isa = PBXFileReference; lastKnownFileType = sourcecode.swift; path = ListViewControllerTableViewHelper.swift; sourceTree = "<group>"; };
		1E7281B72D1227D90004396E /* PropertyDetailViewModel.swift */ = {isa = PBXFileReference; lastKnownFileType = sourcecode.swift; path = PropertyDetailViewModel.swift; sourceTree = "<group>"; };
		1E7281B92D12284F0004396E /* CloudPropertyDetail.swift */ = {isa = PBXFileReference; lastKnownFileType = sourcecode.swift; path = CloudPropertyDetail.swift; sourceTree = "<group>"; };
		1E7281BB2D123AA90004396E /* FavoritesViewController.swift */ = {isa = PBXFileReference; lastKnownFileType = sourcecode.swift; name = FavoritesViewController.swift; path = idealistaChallenge/data/model/cloud/FavoritesViewController.swift; sourceTree = SOURCE_ROOT; };
		1E7281BD2D1240020004396E /* FavoritesViewModel.swift */ = {isa = PBXFileReference; lastKnownFileType = sourcecode.swift; name = FavoritesViewModel.swift; path = idealistaChallenge/data/model/cloud/FavoritesViewModel.swift; sourceTree = SOURCE_ROOT; };
		1E7281BF2D136E770004396E /* Favorite.swift */ = {isa = PBXFileReference; lastKnownFileType = sourcecode.swift; path = Favorite.swift; sourceTree = "<group>"; };
		1E7281C22D13706A0004396E /* FavoriteLocalDatasource.swift */ = {isa = PBXFileReference; lastKnownFileType = sourcecode.swift; path = FavoriteLocalDatasource.swift; sourceTree = "<group>"; };
		1E7281C42D1371BB0004396E /* FavoriteRepository.swift */ = {isa = PBXFileReference; lastKnownFileType = sourcecode.swift; path = FavoriteRepository.swift; sourceTree = "<group>"; };
		1E7281C62D1373E70004396E /* DateExtensions.swift */ = {isa = PBXFileReference; lastKnownFileType = sourcecode.swift; path = DateExtensions.swift; sourceTree = "<group>"; };
		1E7281C82D1391EE0004396E /* FavoriteCell.swift */ = {isa = PBXFileReference; lastKnownFileType = sourcecode.swift; name = FavoriteCell.swift; path = idealistaChallenge/utils/extensions/FavoriteCell.swift; sourceTree = SOURCE_ROOT; };
		1E7281CA2D1392F90004396E /* FavoritesViewControllerTableViewHelper.swift */ = {isa = PBXFileReference; lastKnownFileType = sourcecode.swift; name = FavoritesViewControllerTableViewHelper.swift; path = idealistaChallenge/utils/extensions/FavoritesViewControllerTableViewHelper.swift; sourceTree = SOURCE_ROOT; };
		1E7281CC2D13A3250004396E /* PropertyType.swift */ = {isa = PBXFileReference; lastKnownFileType = sourcecode.swift; path = PropertyType.swift; sourceTree = "<group>"; };
		1E7281CE2D13A37F0004396E /* PropertyOperation.swift */ = {isa = PBXFileReference; lastKnownFileType = sourcecode.swift; path = PropertyOperation.swift; sourceTree = "<group>"; };
		1E7281D12D13AF4F0004396E /* Colors.swift */ = {isa = PBXFileReference; lastKnownFileType = sourcecode.swift; path = Colors.swift; sourceTree = "<group>"; };
		1E7281D42D14ABED0004396E /* DescriptionSheetViewController.swift */ = {isa = PBXFileReference; lastKnownFileType = sourcecode.swift; path = DescriptionSheetViewController.swift; sourceTree = "<group>"; };
		1E8FA52C2D0C6BD000C02D5E /* idealistaChallenge.app */ = {isa = PBXFileReference; explicitFileType = wrapper.application; includeInIndex = 0; path = idealistaChallenge.app; sourceTree = BUILT_PRODUCTS_DIR; };
		1E8FA52F2D0C6BD000C02D5E /* AppDelegate.swift */ = {isa = PBXFileReference; lastKnownFileType = sourcecode.swift; path = AppDelegate.swift; sourceTree = "<group>"; };
		1E8FA5312D0C6BD000C02D5E /* SceneDelegate.swift */ = {isa = PBXFileReference; lastKnownFileType = sourcecode.swift; path = SceneDelegate.swift; sourceTree = "<group>"; };
		1E8FA5332D0C6BD000C02D5E /* ViewController.swift */ = {isa = PBXFileReference; lastKnownFileType = sourcecode.swift; path = ViewController.swift; sourceTree = "<group>"; };
		1E8FA5362D0C6BD000C02D5E /* Base */ = {isa = PBXFileReference; lastKnownFileType = file.storyboard; name = Base; path = Base.lproj/Main.storyboard; sourceTree = "<group>"; };
		1E8FA5392D0C6BD000C02D5E /* idealistaChallenge.xcdatamodel */ = {isa = PBXFileReference; lastKnownFileType = wrapper.xcdatamodel; path = idealistaChallenge.xcdatamodel; sourceTree = "<group>"; };
		1E8FA53B2D0C6BD500C02D5E /* Assets.xcassets */ = {isa = PBXFileReference; lastKnownFileType = folder.assetcatalog; path = Assets.xcassets; sourceTree = "<group>"; };
		1E8FA53E2D0C6BD500C02D5E /* Base */ = {isa = PBXFileReference; lastKnownFileType = file.storyboard; name = Base; path = Base.lproj/LaunchScreen.storyboard; sourceTree = "<group>"; };
		1E8FA5402D0C6BD500C02D5E /* Info.plist */ = {isa = PBXFileReference; lastKnownFileType = text.plist.xml; path = Info.plist; sourceTree = "<group>"; };
		1E8FA5452D0C6BD600C02D5E /* idealistaChallengeTests.xctest */ = {isa = PBXFileReference; explicitFileType = wrapper.cfbundle; includeInIndex = 0; path = idealistaChallengeTests.xctest; sourceTree = BUILT_PRODUCTS_DIR; };
		1E8FA5492D0C6BD600C02D5E /* idealistaChallengeTests.swift */ = {isa = PBXFileReference; lastKnownFileType = sourcecode.swift; path = idealistaChallengeTests.swift; sourceTree = "<group>"; };
		1E8FA54F2D0C6BD600C02D5E /* idealistaChallengeUITests.xctest */ = {isa = PBXFileReference; explicitFileType = wrapper.cfbundle; includeInIndex = 0; path = idealistaChallengeUITests.xctest; sourceTree = BUILT_PRODUCTS_DIR; };
		1E8FA5532D0C6BD600C02D5E /* idealistaChallengeUITests.swift */ = {isa = PBXFileReference; lastKnownFileType = sourcecode.swift; path = idealistaChallengeUITests.swift; sourceTree = "<group>"; };
		1E8FA5552D0C6BD600C02D5E /* idealistaChallengeUITestsLaunchTests.swift */ = {isa = PBXFileReference; lastKnownFileType = sourcecode.swift; path = idealistaChallengeUITestsLaunchTests.swift; sourceTree = "<group>"; };
		1E8FA5642D0F478700C02D5E /* HTTPSRequestManager.swift */ = {isa = PBXFileReference; lastKnownFileType = sourcecode.swift; path = HTTPSRequestManager.swift; sourceTree = "<group>"; };
		1E8FA5662D0F47A700C02D5E /* Json.swift */ = {isa = PBXFileReference; lastKnownFileType = sourcecode.swift; path = Json.swift; sourceTree = "<group>"; };
		1E8FA5682D0F47CB00C02D5E /* IdealistaApi.swift */ = {isa = PBXFileReference; lastKnownFileType = sourcecode.swift; path = IdealistaApi.swift; sourceTree = "<group>"; };
		1E8FA56B2D0F47F200C02D5E /* Environment.swift */ = {isa = PBXFileReference; lastKnownFileType = sourcecode.swift; path = Environment.swift; sourceTree = "<group>"; };
		1E8FA56D2D0F486000C02D5E /* idealistaProd.xcconfig */ = {isa = PBXFileReference; lastKnownFileType = text.xcconfig; path = idealistaProd.xcconfig; sourceTree = "<group>"; };
		1E8FA5752D0F4C5200C02D5E /* MainProtocol.swift */ = {isa = PBXFileReference; fileEncoding = 4; lastKnownFileType = sourcecode.swift; path = MainProtocol.swift; sourceTree = "<group>"; };
		1E8FA5772D0F4C7800C02D5E /* Observable.swift */ = {isa = PBXFileReference; fileEncoding = 4; lastKnownFileType = sourcecode.swift; path = Observable.swift; sourceTree = "<group>"; };
		1E8FA57B2D0F4C8700C02D5E /* PersistenceManager.swift */ = {isa = PBXFileReference; fileEncoding = 4; lastKnownFileType = sourcecode.swift; path = PersistenceManager.swift; sourceTree = "<group>"; };
		1E8FA5A22D0F4D9000C02D5E /* TabBarController.swift */ = {isa = PBXFileReference; lastKnownFileType = sourcecode.swift; path = TabBarController.swift; sourceTree = "<group>"; };
		1E8FA5A42D0F4E0B00C02D5E /* ListViewController.swift */ = {isa = PBXFileReference; lastKnownFileType = sourcecode.swift; path = ListViewController.swift; sourceTree = "<group>"; };
		1E8FA5A62D0F4E5000C02D5E /* ListViewModel.swift */ = {isa = PBXFileReference; lastKnownFileType = sourcecode.swift; path = ListViewModel.swift; sourceTree = "<group>"; };
		1E8FA5A92D0F4F3300C02D5E /* UIViewExtensions.swift */ = {isa = PBXFileReference; lastKnownFileType = sourcecode.swift; path = UIViewExtensions.swift; sourceTree = "<group>"; };
		1E8FA5AB2D0F515200C02D5E /* SettingsViewController.swift */ = {isa = PBXFileReference; lastKnownFileType = sourcecode.swift; path = SettingsViewController.swift; sourceTree = "<group>"; };
		1E8FA5AD2D0F523600C02D5E /* UIViewControllerExtensions.swift */ = {isa = PBXFileReference; lastKnownFileType = sourcecode.swift; path = UIViewControllerExtensions.swift; sourceTree = "<group>"; };
		1E9AF7422D0F783900CC7EAF /* CloudProperty.swift */ = {isa = PBXFileReference; lastKnownFileType = sourcecode.swift; path = CloudProperty.swift; sourceTree = "<group>"; };
		1E9AF7442D0F7C5D00CC7EAF /* PropertyRemoteDatasource.swift */ = {isa = PBXFileReference; lastKnownFileType = sourcecode.swift; path = PropertyRemoteDatasource.swift; sourceTree = "<group>"; };
		1E9AF7462D0F7E6900CC7EAF /* PropertyRepository.swift */ = {isa = PBXFileReference; lastKnownFileType = sourcecode.swift; path = PropertyRepository.swift; sourceTree = "<group>"; };
		1E9AF74A2D0FB0A400CC7EAF /* idealistaChallenge.xcdatamodel */ = {isa = PBXFileReference; lastKnownFileType = wrapper.xcdatamodel; path = idealistaChallenge.xcdatamodel; sourceTree = "<group>"; };
		1E9AF74C2D0FB30600CC7EAF /* Property.swift */ = {isa = PBXFileReference; lastKnownFileType = sourcecode.swift; path = Property.swift; sourceTree = "<group>"; };
		1E9AF74E2D0FB43F00CC7EAF /* PropertyPicture.swift */ = {isa = PBXFileReference; lastKnownFileType = sourcecode.swift; path = PropertyPicture.swift; sourceTree = "<group>"; };
		1E9AF7502D0FB73A00CC7EAF /* PropertyLocalDatasource.swift */ = {isa = PBXFileReference; lastKnownFileType = sourcecode.swift; path = PropertyLocalDatasource.swift; sourceTree = "<group>"; };
		1ED95A3E2D14D1520059DAE2 /* RoundedMapView.swift */ = {isa = PBXFileReference; lastKnownFileType = sourcecode.swift; path = RoundedMapView.swift; sourceTree = "<group>"; };
/* End PBXFileReference section */

/* Begin PBXFrameworksBuildPhase section */
		1E8FA5292D0C6BD000C02D5E /* Frameworks */ = {
			isa = PBXFrameworksBuildPhase;
			buildActionMask = 2147483647;
			files = (
			);
			runOnlyForDeploymentPostprocessing = 0;
		};
		1E8FA5422D0C6BD600C02D5E /* Frameworks */ = {
			isa = PBXFrameworksBuildPhase;
			buildActionMask = 2147483647;
			files = (
			);
			runOnlyForDeploymentPostprocessing = 0;
		};
		1E8FA54C2D0C6BD600C02D5E /* Frameworks */ = {
			isa = PBXFrameworksBuildPhase;
			buildActionMask = 2147483647;
			files = (
			);
			runOnlyForDeploymentPostprocessing = 0;
		};
/* End PBXFrameworksBuildPhase section */

/* Begin PBXGroup section */
		1E62E2EB2D121302003D10EB /* propertyDetail */ = {
			isa = PBXGroup;
			children = (
				1E62E2EC2D12132D003D10EB /* PropertyDetailViewController.swift */,
				1E7281B72D1227D90004396E /* PropertyDetailViewModel.swift */,
			);
			path = propertyDetail;
			sourceTree = "<group>";
		};
		1E62E2EE2D1213D0003D10EB /* components */ = {
			isa = PBXGroup;
			children = (
				1ED95A3D2D14D1460059DAE2 /* roundedMapView */,
				1E62E2EF2D1213D7003D10EB /* carousel */,
			);
			path = components;
			sourceTree = "<group>";
		};
		1E62E2EF2D1213D7003D10EB /* carousel */ = {
			isa = PBXGroup;
			children = (
				1E62E2F02D121433003D10EB /* CarouselView.swift */,
				1E62E2F22D121471003D10EB /* CarouselImageCell.swift */,
			);
			path = carousel;
			sourceTree = "<group>";
		};
		1E7281C12D1370560004396E /* favorite */ = {
			isa = PBXGroup;
			children = (
				1E7281C22D13706A0004396E /* FavoriteLocalDatasource.swift */,
			);
			path = favorite;
			sourceTree = "<group>";
		};
		1E7281D02D13AF400004396E /* assets */ = {
			isa = PBXGroup;
			children = (
				1E7281D12D13AF4F0004396E /* Colors.swift */,
			);
			path = assets;
			sourceTree = "<group>";
		};
		1E7281D32D13C4D50004396E /* descriptionSheet */ = {
			isa = PBXGroup;
			children = (
				1E7281D42D14ABED0004396E /* DescriptionSheetViewController.swift */,
			);
			path = descriptionSheet;
			sourceTree = "<group>";
		};
		1E8FA5232D0C6BD000C02D5E = {
			isa = PBXGroup;
			children = (
				1E8FA52E2D0C6BD000C02D5E /* idealistaChallenge */,
				1E8FA5482D0C6BD600C02D5E /* idealistaChallengeTests */,
				1E8FA5522D0C6BD600C02D5E /* idealistaChallengeUITests */,
				1E8FA52D2D0C6BD000C02D5E /* Products */,
			);
			sourceTree = "<group>";
		};
		1E8FA52D2D0C6BD000C02D5E /* Products */ = {
			isa = PBXGroup;
			children = (
				1E8FA52C2D0C6BD000C02D5E /* idealistaChallenge.app */,
				1E8FA5452D0C6BD600C02D5E /* idealistaChallengeTests.xctest */,
				1E8FA54F2D0C6BD600C02D5E /* idealistaChallengeUITests.xctest */,
			);
			name = Products;
			sourceTree = "<group>";
		};
		1E8FA52E2D0C6BD000C02D5E /* idealistaChallenge */ = {
			isa = PBXGroup;
			children = (
				1E7281D02D13AF400004396E /* assets */,
				1E8FA5402D0C6BD500C02D5E /* Info.plist */,
				1E8FA59D2D0F4CE500C02D5E /* ui */,
				1E8FA5742D0F4C2B00C02D5E /* utils */,
				1E8FA56E2D0F499C00C02D5E /* data */,
				1E8FA56A2D0F47E000C02D5E /* configurations */,
				1E8FA5622D0F476900C02D5E /* service */,
				1E8FA52F2D0C6BD000C02D5E /* AppDelegate.swift */,
				1E8FA5312D0C6BD000C02D5E /* SceneDelegate.swift */,
				1E8FA5332D0C6BD000C02D5E /* ViewController.swift */,
				1E8FA5352D0C6BD000C02D5E /* Main.storyboard */,
				1E8FA53B2D0C6BD500C02D5E /* Assets.xcassets */,
				1E8FA53D2D0C6BD500C02D5E /* LaunchScreen.storyboard */,
				1E8FA5382D0C6BD000C02D5E /* idealistaChallenge.xcdatamodeld */,
			);
			path = idealistaChallenge;
			sourceTree = "<group>";
		};
		1E8FA5482D0C6BD600C02D5E /* idealistaChallengeTests */ = {
			isa = PBXGroup;
			children = (
				1E8FA5492D0C6BD600C02D5E /* idealistaChallengeTests.swift */,
			);
			path = idealistaChallengeTests;
			sourceTree = "<group>";
		};
		1E8FA5522D0C6BD600C02D5E /* idealistaChallengeUITests */ = {
			isa = PBXGroup;
			children = (
				1E8FA5532D0C6BD600C02D5E /* idealistaChallengeUITests.swift */,
				1E8FA5552D0C6BD600C02D5E /* idealistaChallengeUITestsLaunchTests.swift */,
			);
			path = idealistaChallengeUITests;
			sourceTree = "<group>";
		};
		1E8FA5622D0F476900C02D5E /* service */ = {
			isa = PBXGroup;
			children = (
				1E8FA5632D0F477500C02D5E /* api */,
			);
			path = service;
			sourceTree = "<group>";
		};
		1E8FA5632D0F477500C02D5E /* api */ = {
			isa = PBXGroup;
			children = (
				1E8FA5642D0F478700C02D5E /* HTTPSRequestManager.swift */,
				1E8FA5662D0F47A700C02D5E /* Json.swift */,
				1E8FA5682D0F47CB00C02D5E /* IdealistaApi.swift */,
			);
			path = api;
			sourceTree = "<group>";
		};
		1E8FA56A2D0F47E000C02D5E /* configurations */ = {
			isa = PBXGroup;
			children = (
				1E8FA56B2D0F47F200C02D5E /* Environment.swift */,
				1E8FA56D2D0F486000C02D5E /* idealistaProd.xcconfig */,
				1E9AF7492D0FB0A400CC7EAF /* idealistaChallenge.xcdatamodeld */,
			);
			path = configurations;
			sourceTree = "<group>";
		};
		1E8FA56E2D0F499C00C02D5E /* data */ = {
			isa = PBXGroup;
			children = (
				1E8FA5712D0F49C000C02D5E /* model */,
				1E8FA5702D0F49B800C02D5E /* repository */,
				1E8FA56F2D0F49A900C02D5E /* datasource */,
			);
			path = data;
			sourceTree = "<group>";
		};
		1E8FA56F2D0F49A900C02D5E /* datasource */ = {
			isa = PBXGroup;
			children = (
				1E7281C12D1370560004396E /* favorite */,
				1E9AF7482D0F7ECB00CC7EAF /* property */,
			);
			path = datasource;
			sourceTree = "<group>";
		};
		1E8FA5702D0F49B800C02D5E /* repository */ = {
			isa = PBXGroup;
			children = (
				1E9AF7462D0F7E6900CC7EAF /* PropertyRepository.swift */,
				1E7281C42D1371BB0004396E /* FavoriteRepository.swift */,
			);
			path = repository;
			sourceTree = "<group>";
		};
		1E8FA5712D0F49C000C02D5E /* model */ = {
			isa = PBXGroup;
			children = (
				1E8FA5732D0F4C1700C02D5E /* cloud */,
				1E8FA5722D0F4C1100C02D5E /* entity */,
			);
			path = model;
			sourceTree = "<group>";
		};
		1E8FA5722D0F4C1100C02D5E /* entity */ = {
			isa = PBXGroup;
			children = (
				1E9AF74C2D0FB30600CC7EAF /* Property.swift */,
				1E9AF74E2D0FB43F00CC7EAF /* PropertyPicture.swift */,
				1E7281BF2D136E770004396E /* Favorite.swift */,
				1E7281CC2D13A3250004396E /* PropertyType.swift */,
				1E7281CE2D13A37F0004396E /* PropertyOperation.swift */,
			);
			path = entity;
			sourceTree = "<group>";
		};
		1E8FA5732D0F4C1700C02D5E /* cloud */ = {
			isa = PBXGroup;
			children = (
				1E9AF7422D0F783900CC7EAF /* CloudProperty.swift */,
				1E7281B92D12284F0004396E /* CloudPropertyDetail.swift */,
			);
			path = cloud;
			sourceTree = "<group>";
		};
		1E8FA5742D0F4C2B00C02D5E /* utils */ = {
			isa = PBXGroup;
			children = (
				1E62E2EE2D1213D0003D10EB /* components */,
				1E8FA5A82D0F4F1A00C02D5E /* extensions */,
				1E8FA5792D0F4C8700C02D5E /* managers */,
				1E8FA5772D0F4C7800C02D5E /* Observable.swift */,
				1E8FA5752D0F4C5200C02D5E /* MainProtocol.swift */,
			);
			path = utils;
			sourceTree = "<group>";
		};
		1E8FA5792D0F4C8700C02D5E /* managers */ = {
			isa = PBXGroup;
			children = (
				1E8FA57B2D0F4C8700C02D5E /* PersistenceManager.swift */,
			);
			path = managers;
			sourceTree = "<group>";
		};
		1E8FA59D2D0F4CE500C02D5E /* ui */ = {
			isa = PBXGroup;
			children = (
				1E8FA5A12D0F4D8100C02D5E /* tabBar */,
				1E8FA5A02D0F4D0400C02D5E /* settings */,
				1E8FA59F2D0F4CFE00C02D5E /* favorites */,
				1E8FA59E2D0F4CF600C02D5E /* listOfProperties */,
			);
			path = ui;
			sourceTree = "<group>";
		};
		1E8FA59E2D0F4CF600C02D5E /* listOfProperties */ = {
			isa = PBXGroup;
			children = (
				1E7281D32D13C4D50004396E /* descriptionSheet */,
				1E62E2EB2D121302003D10EB /* propertyDetail */,
				1E8FA5A42D0F4E0B00C02D5E /* ListViewController.swift */,
				1E8FA5A62D0F4E5000C02D5E /* ListViewModel.swift */,
				1E62E2E72D0FCC8D003D10EB /* PropertyCell.swift */,
				1E62E2F42D1219B6003D10EB /* ListViewControllerTableViewHelper.swift */,
			);
			path = listOfProperties;
			sourceTree = "<group>";
		};
		1E8FA59F2D0F4CFE00C02D5E /* favorites */ = {
			isa = PBXGroup;
			children = (
				1E7281BB2D123AA90004396E /* FavoritesViewController.swift */,
				1E7281BD2D1240020004396E /* FavoritesViewModel.swift */,
				1E7281C82D1391EE0004396E /* FavoriteCell.swift */,
				1E7281CA2D1392F90004396E /* FavoritesViewControllerTableViewHelper.swift */,
			);
			path = favorites;
			sourceTree = "<group>";
		};
		1E8FA5A02D0F4D0400C02D5E /* settings */ = {
			isa = PBXGroup;
			children = (
				1E8FA5AB2D0F515200C02D5E /* SettingsViewController.swift */,
			);
			path = settings;
			sourceTree = "<group>";
		};
		1E8FA5A12D0F4D8100C02D5E /* tabBar */ = {
			isa = PBXGroup;
			children = (
				1E8FA5A22D0F4D9000C02D5E /* TabBarController.swift */,
			);
			path = tabBar;
			sourceTree = "<group>";
		};
		1E8FA5A82D0F4F1A00C02D5E /* extensions */ = {
			isa = PBXGroup;
			children = (
				1E8FA5A92D0F4F3300C02D5E /* UIViewExtensions.swift */,
				1E8FA5AD2D0F523600C02D5E /* UIViewControllerExtensions.swift */,
				1E62E2E52D0FC954003D10EB /* SequenceExtensions.swift */,
				1E62E2E92D0FD37A003D10EB /* UIImageViewExtensions.swift */,
				1E7281C62D1373E70004396E /* DateExtensions.swift */,
			);
			path = extensions;
			sourceTree = "<group>";
		};
		1E9AF7482D0F7ECB00CC7EAF /* property */ = {
			isa = PBXGroup;
			children = (
				1E9AF7442D0F7C5D00CC7EAF /* PropertyRemoteDatasource.swift */,
				1E9AF7502D0FB73A00CC7EAF /* PropertyLocalDatasource.swift */,
			);
			path = property;
			sourceTree = "<group>";
		};
		1ED95A3D2D14D1460059DAE2 /* roundedMapView */ = {
			isa = PBXGroup;
			children = (
				1ED95A3E2D14D1520059DAE2 /* RoundedMapView.swift */,
			);
			path = roundedMapView;
			sourceTree = "<group>";
		};
/* End PBXGroup section */

/* Begin PBXNativeTarget section */
		1E8FA52B2D0C6BD000C02D5E /* idealistaChallenge */ = {
			isa = PBXNativeTarget;
			buildConfigurationList = 1E8FA5592D0C6BD600C02D5E /* Build configuration list for PBXNativeTarget "idealistaChallenge" */;
			buildPhases = (
				1E8FA5282D0C6BD000C02D5E /* Sources */,
				1E8FA5292D0C6BD000C02D5E /* Frameworks */,
				1E8FA52A2D0C6BD000C02D5E /* Resources */,
			);
			buildRules = (
			);
			dependencies = (
			);
			name = idealistaChallenge;
			productName = idealistaChallenge;
			productReference = 1E8FA52C2D0C6BD000C02D5E /* idealistaChallenge.app */;
			productType = "com.apple.product-type.application";
		};
		1E8FA5442D0C6BD600C02D5E /* idealistaChallengeTests */ = {
			isa = PBXNativeTarget;
			buildConfigurationList = 1E8FA55C2D0C6BD600C02D5E /* Build configuration list for PBXNativeTarget "idealistaChallengeTests" */;
			buildPhases = (
				1E8FA5412D0C6BD600C02D5E /* Sources */,
				1E8FA5422D0C6BD600C02D5E /* Frameworks */,
				1E8FA5432D0C6BD600C02D5E /* Resources */,
			);
			buildRules = (
			);
			dependencies = (
				1E8FA5472D0C6BD600C02D5E /* PBXTargetDependency */,
			);
			name = idealistaChallengeTests;
			productName = idealistaChallengeTests;
			productReference = 1E8FA5452D0C6BD600C02D5E /* idealistaChallengeTests.xctest */;
			productType = "com.apple.product-type.bundle.unit-test";
		};
		1E8FA54E2D0C6BD600C02D5E /* idealistaChallengeUITests */ = {
			isa = PBXNativeTarget;
			buildConfigurationList = 1E8FA55F2D0C6BD600C02D5E /* Build configuration list for PBXNativeTarget "idealistaChallengeUITests" */;
			buildPhases = (
				1E8FA54B2D0C6BD600C02D5E /* Sources */,
				1E8FA54C2D0C6BD600C02D5E /* Frameworks */,
				1E8FA54D2D0C6BD600C02D5E /* Resources */,
			);
			buildRules = (
			);
			dependencies = (
				1E8FA5512D0C6BD600C02D5E /* PBXTargetDependency */,
			);
			name = idealistaChallengeUITests;
			productName = idealistaChallengeUITests;
			productReference = 1E8FA54F2D0C6BD600C02D5E /* idealistaChallengeUITests.xctest */;
			productType = "com.apple.product-type.bundle.ui-testing";
		};
/* End PBXNativeTarget section */

/* Begin PBXProject section */
		1E8FA5242D0C6BD000C02D5E /* Project object */ = {
			isa = PBXProject;
			attributes = {
				BuildIndependentTargetsInParallel = 1;
				LastSwiftUpdateCheck = 1400;
				LastUpgradeCheck = 1400;
				TargetAttributes = {
					1E8FA52B2D0C6BD000C02D5E = {
						CreatedOnToolsVersion = 14.0;
					};
					1E8FA5442D0C6BD600C02D5E = {
						CreatedOnToolsVersion = 14.0;
						TestTargetID = 1E8FA52B2D0C6BD000C02D5E;
					};
					1E8FA54E2D0C6BD600C02D5E = {
						CreatedOnToolsVersion = 14.0;
						TestTargetID = 1E8FA52B2D0C6BD000C02D5E;
					};
				};
			};
			buildConfigurationList = 1E8FA5272D0C6BD000C02D5E /* Build configuration list for PBXProject "idealistaChallenge" */;
			compatibilityVersion = "Xcode 14.0";
			developmentRegion = en;
			hasScannedForEncodings = 0;
			knownRegions = (
				en,
				Base,
			);
			mainGroup = 1E8FA5232D0C6BD000C02D5E;
			productRefGroup = 1E8FA52D2D0C6BD000C02D5E /* Products */;
			projectDirPath = "";
			projectRoot = "";
			targets = (
				1E8FA52B2D0C6BD000C02D5E /* idealistaChallenge */,
				1E8FA5442D0C6BD600C02D5E /* idealistaChallengeTests */,
				1E8FA54E2D0C6BD600C02D5E /* idealistaChallengeUITests */,
			);
		};
/* End PBXProject section */

/* Begin PBXResourcesBuildPhase section */
		1E8FA52A2D0C6BD000C02D5E /* Resources */ = {
			isa = PBXResourcesBuildPhase;
			buildActionMask = 2147483647;
			files = (
				1E8FA53F2D0C6BD500C02D5E /* LaunchScreen.storyboard in Resources */,
				1E8FA53C2D0C6BD500C02D5E /* Assets.xcassets in Resources */,
				1E8FA5372D0C6BD000C02D5E /* Main.storyboard in Resources */,
			);
			runOnlyForDeploymentPostprocessing = 0;
		};
		1E8FA5432D0C6BD600C02D5E /* Resources */ = {
			isa = PBXResourcesBuildPhase;
			buildActionMask = 2147483647;
			files = (
			);
			runOnlyForDeploymentPostprocessing = 0;
		};
		1E8FA54D2D0C6BD600C02D5E /* Resources */ = {
			isa = PBXResourcesBuildPhase;
			buildActionMask = 2147483647;
			files = (
			);
			runOnlyForDeploymentPostprocessing = 0;
		};
/* End PBXResourcesBuildPhase section */

/* Begin PBXSourcesBuildPhase section */
		1E8FA5282D0C6BD000C02D5E /* Sources */ = {
			isa = PBXSourcesBuildPhase;
			buildActionMask = 2147483647;
			files = (
				1E7281C92D1391EE0004396E /* FavoriteCell.swift in Sources */,
				1E62E2F32D121471003D10EB /* CarouselImageCell.swift in Sources */,
				1E8FA5342D0C6BD000C02D5E /* ViewController.swift in Sources */,
				1E7281D52D14ABED0004396E /* DescriptionSheetViewController.swift in Sources */,
				1E8FA5AE2D0F523600C02D5E /* UIViewControllerExtensions.swift in Sources */,
				1E7281BA2D12284F0004396E /* CloudPropertyDetail.swift in Sources */,
				1E7281C52D1371BB0004396E /* FavoriteRepository.swift in Sources */,
				1E9AF74D2D0FB30700CC7EAF /* Property.swift in Sources */,
				1E8FA5AA2D0F4F3300C02D5E /* UIViewExtensions.swift in Sources */,
				1E62E2E62D0FC954003D10EB /* SequenceExtensions.swift in Sources */,
				1E8FA56C2D0F47F200C02D5E /* Environment.swift in Sources */,
				1E62E2EA2D0FD37A003D10EB /* UIImageViewExtensions.swift in Sources */,
				1E8FA5A72D0F4E5000C02D5E /* ListViewModel.swift in Sources */,
				1E8FA5762D0F4C5200C02D5E /* MainProtocol.swift in Sources */,
				1E62E2F52D1219B6003D10EB /* ListViewControllerTableViewHelper.swift in Sources */,
				1E8FA57E2D0F4C8800C02D5E /* PersistenceManager.swift in Sources */,
				1E8FA5302D0C6BD000C02D5E /* AppDelegate.swift in Sources */,
				1E62E2E82D0FCC8D003D10EB /* PropertyCell.swift in Sources */,
				1E7281C02D136E770004396E /* Favorite.swift in Sources */,
				1E8FA5AC2D0F515200C02D5E /* SettingsViewController.swift in Sources */,
				1E62E2ED2D12132D003D10EB /* PropertyDetailViewController.swift in Sources */,
				1E7281CB2D1392F90004396E /* FavoritesViewControllerTableViewHelper.swift in Sources */,
				1E7281C32D13706A0004396E /* FavoriteLocalDatasource.swift in Sources */,
				1ED95A3F2D14D1520059DAE2 /* RoundedMapView.swift in Sources */,
				1E7281CF2D13A37F0004396E /* PropertyOperation.swift in Sources */,
				1E9AF7512D0FB73A00CC7EAF /* PropertyLocalDatasource.swift in Sources */,
				1E8FA5672D0F47A700C02D5E /* Json.swift in Sources */,
				1E8FA5782D0F4C7800C02D5E /* Observable.swift in Sources */,
				1E8FA5322D0C6BD000C02D5E /* SceneDelegate.swift in Sources */,
				1E62E2F12D121433003D10EB /* CarouselView.swift in Sources */,
				1E7281C72D1373E70004396E /* DateExtensions.swift in Sources */,
				1E8FA5A32D0F4D9000C02D5E /* TabBarController.swift in Sources */,
				1E9AF7432D0F783900CC7EAF /* CloudProperty.swift in Sources */,
				1E7281D22D13AF4F0004396E /* Colors.swift in Sources */,
				1E7281BE2D1240020004396E /* FavoritesViewModel.swift in Sources */,
				1E8FA5652D0F478700C02D5E /* HTTPSRequestManager.swift in Sources */,
				1E9AF7472D0F7E6900CC7EAF /* PropertyRepository.swift in Sources */,
				1E9AF7452D0F7C5D00CC7EAF /* PropertyRemoteDatasource.swift in Sources */,
				1E8FA5A52D0F4E0B00C02D5E /* ListViewController.swift in Sources */,
				1E7281BC2D123AA90004396E /* FavoritesViewController.swift in Sources */,
				1E7281B82D1227D90004396E /* PropertyDetailViewModel.swift in Sources */,
				1E7281CD2D13A3250004396E /* PropertyType.swift in Sources */,
				1E9AF74F2D0FB43F00CC7EAF /* PropertyPicture.swift in Sources */,
				1E8FA5692D0F47CB00C02D5E /* IdealistaApi.swift in Sources */,
				1E9AF74B2D0FB0A400CC7EAF /* idealistaChallenge.xcdatamodeld in Sources */,
			);
			runOnlyForDeploymentPostprocessing = 0;
		};
		1E8FA5412D0C6BD600C02D5E /* Sources */ = {
			isa = PBXSourcesBuildPhase;
			buildActionMask = 2147483647;
			files = (
				1E8FA54A2D0C6BD600C02D5E /* idealistaChallengeTests.swift in Sources */,
			);
			runOnlyForDeploymentPostprocessing = 0;
		};
		1E8FA54B2D0C6BD600C02D5E /* Sources */ = {
			isa = PBXSourcesBuildPhase;
			buildActionMask = 2147483647;
			files = (
				1E8FA5542D0C6BD600C02D5E /* idealistaChallengeUITests.swift in Sources */,
				1E8FA5562D0C6BD600C02D5E /* idealistaChallengeUITestsLaunchTests.swift in Sources */,
			);
			runOnlyForDeploymentPostprocessing = 0;
		};
/* End PBXSourcesBuildPhase section */

/* Begin PBXTargetDependency section */
		1E8FA5472D0C6BD600C02D5E /* PBXTargetDependency */ = {
			isa = PBXTargetDependency;
			target = 1E8FA52B2D0C6BD000C02D5E /* idealistaChallenge */;
			targetProxy = 1E8FA5462D0C6BD600C02D5E /* PBXContainerItemProxy */;
		};
		1E8FA5512D0C6BD600C02D5E /* PBXTargetDependency */ = {
			isa = PBXTargetDependency;
			target = 1E8FA52B2D0C6BD000C02D5E /* idealistaChallenge */;
			targetProxy = 1E8FA5502D0C6BD600C02D5E /* PBXContainerItemProxy */;
		};
/* End PBXTargetDependency section */

/* Begin PBXVariantGroup section */
		1E8FA5352D0C6BD000C02D5E /* Main.storyboard */ = {
			isa = PBXVariantGroup;
			children = (
				1E8FA5362D0C6BD000C02D5E /* Base */,
			);
			name = Main.storyboard;
			sourceTree = "<group>";
		};
		1E8FA53D2D0C6BD500C02D5E /* LaunchScreen.storyboard */ = {
			isa = PBXVariantGroup;
			children = (
				1E8FA53E2D0C6BD500C02D5E /* Base */,
			);
			name = LaunchScreen.storyboard;
			sourceTree = "<group>";
		};
/* End PBXVariantGroup section */

/* Begin XCBuildConfiguration section */
		1E8FA5572D0C6BD600C02D5E /* Debug */ = {
			isa = XCBuildConfiguration;
			buildSettings = {
				ALWAYS_SEARCH_USER_PATHS = NO;
				CLANG_ANALYZER_NONNULL = YES;
				CLANG_ANALYZER_NUMBER_OBJECT_CONVERSION = YES_AGGRESSIVE;
				CLANG_CXX_LANGUAGE_STANDARD = "gnu++20";
				CLANG_ENABLE_MODULES = YES;
				CLANG_ENABLE_OBJC_ARC = YES;
				CLANG_ENABLE_OBJC_WEAK = YES;
				CLANG_WARN_BLOCK_CAPTURE_AUTORELEASING = YES;
				CLANG_WARN_BOOL_CONVERSION = YES;
				CLANG_WARN_COMMA = YES;
				CLANG_WARN_CONSTANT_CONVERSION = YES;
				CLANG_WARN_DEPRECATED_OBJC_IMPLEMENTATIONS = YES;
				CLANG_WARN_DIRECT_OBJC_ISA_USAGE = YES_ERROR;
				CLANG_WARN_DOCUMENTATION_COMMENTS = YES;
				CLANG_WARN_EMPTY_BODY = YES;
				CLANG_WARN_ENUM_CONVERSION = YES;
				CLANG_WARN_INFINITE_RECURSION = YES;
				CLANG_WARN_INT_CONVERSION = YES;
				CLANG_WARN_NON_LITERAL_NULL_CONVERSION = YES;
				CLANG_WARN_OBJC_IMPLICIT_RETAIN_SELF = YES;
				CLANG_WARN_OBJC_LITERAL_CONVERSION = YES;
				CLANG_WARN_OBJC_ROOT_CLASS = YES_ERROR;
				CLANG_WARN_QUOTED_INCLUDE_IN_FRAMEWORK_HEADER = YES;
				CLANG_WARN_RANGE_LOOP_ANALYSIS = YES;
				CLANG_WARN_STRICT_PROTOTYPES = YES;
				CLANG_WARN_SUSPICIOUS_MOVE = YES;
				CLANG_WARN_UNGUARDED_AVAILABILITY = YES_AGGRESSIVE;
				CLANG_WARN_UNREACHABLE_CODE = YES;
				CLANG_WARN__DUPLICATE_METHOD_MATCH = YES;
				COPY_PHASE_STRIP = NO;
				DEBUG_INFORMATION_FORMAT = dwarf;
				ENABLE_STRICT_OBJC_MSGSEND = YES;
				ENABLE_TESTABILITY = YES;
				GCC_C_LANGUAGE_STANDARD = gnu11;
				GCC_DYNAMIC_NO_PIC = NO;
				GCC_NO_COMMON_BLOCKS = YES;
				GCC_OPTIMIZATION_LEVEL = 0;
				GCC_PREPROCESSOR_DEFINITIONS = (
					"DEBUG=1",
					"$(inherited)",
				);
				GCC_WARN_64_TO_32_BIT_CONVERSION = YES;
				GCC_WARN_ABOUT_RETURN_TYPE = YES_ERROR;
				GCC_WARN_UNDECLARED_SELECTOR = YES;
				GCC_WARN_UNINITIALIZED_AUTOS = YES_AGGRESSIVE;
				GCC_WARN_UNUSED_FUNCTION = YES;
				GCC_WARN_UNUSED_VARIABLE = YES;
				INFOPLIST_FILE = "";
				IPHONEOS_DEPLOYMENT_TARGET = 16.0;
				MTL_ENABLE_DEBUG_INFO = INCLUDE_SOURCE;
				MTL_FAST_MATH = YES;
				ONLY_ACTIVE_ARCH = YES;
				SDKROOT = iphoneos;
				SWIFT_ACTIVE_COMPILATION_CONDITIONS = DEBUG;
				SWIFT_OPTIMIZATION_LEVEL = "-Onone";
			};
			name = Debug;
		};
		1E8FA5582D0C6BD600C02D5E /* Release */ = {
			isa = XCBuildConfiguration;
			buildSettings = {
				ALWAYS_SEARCH_USER_PATHS = NO;
				CLANG_ANALYZER_NONNULL = YES;
				CLANG_ANALYZER_NUMBER_OBJECT_CONVERSION = YES_AGGRESSIVE;
				CLANG_CXX_LANGUAGE_STANDARD = "gnu++20";
				CLANG_ENABLE_MODULES = YES;
				CLANG_ENABLE_OBJC_ARC = YES;
				CLANG_ENABLE_OBJC_WEAK = YES;
				CLANG_WARN_BLOCK_CAPTURE_AUTORELEASING = YES;
				CLANG_WARN_BOOL_CONVERSION = YES;
				CLANG_WARN_COMMA = YES;
				CLANG_WARN_CONSTANT_CONVERSION = YES;
				CLANG_WARN_DEPRECATED_OBJC_IMPLEMENTATIONS = YES;
				CLANG_WARN_DIRECT_OBJC_ISA_USAGE = YES_ERROR;
				CLANG_WARN_DOCUMENTATION_COMMENTS = YES;
				CLANG_WARN_EMPTY_BODY = YES;
				CLANG_WARN_ENUM_CONVERSION = YES;
				CLANG_WARN_INFINITE_RECURSION = YES;
				CLANG_WARN_INT_CONVERSION = YES;
				CLANG_WARN_NON_LITERAL_NULL_CONVERSION = YES;
				CLANG_WARN_OBJC_IMPLICIT_RETAIN_SELF = YES;
				CLANG_WARN_OBJC_LITERAL_CONVERSION = YES;
				CLANG_WARN_OBJC_ROOT_CLASS = YES_ERROR;
				CLANG_WARN_QUOTED_INCLUDE_IN_FRAMEWORK_HEADER = YES;
				CLANG_WARN_RANGE_LOOP_ANALYSIS = YES;
				CLANG_WARN_STRICT_PROTOTYPES = YES;
				CLANG_WARN_SUSPICIOUS_MOVE = YES;
				CLANG_WARN_UNGUARDED_AVAILABILITY = YES_AGGRESSIVE;
				CLANG_WARN_UNREACHABLE_CODE = YES;
				CLANG_WARN__DUPLICATE_METHOD_MATCH = YES;
				COPY_PHASE_STRIP = NO;
				DEBUG_INFORMATION_FORMAT = "dwarf-with-dsym";
				ENABLE_NS_ASSERTIONS = NO;
				ENABLE_STRICT_OBJC_MSGSEND = YES;
				GCC_C_LANGUAGE_STANDARD = gnu11;
				GCC_NO_COMMON_BLOCKS = YES;
				GCC_WARN_64_TO_32_BIT_CONVERSION = YES;
				GCC_WARN_ABOUT_RETURN_TYPE = YES_ERROR;
				GCC_WARN_UNDECLARED_SELECTOR = YES;
				GCC_WARN_UNINITIALIZED_AUTOS = YES_AGGRESSIVE;
				GCC_WARN_UNUSED_FUNCTION = YES;
				GCC_WARN_UNUSED_VARIABLE = YES;
				INFOPLIST_FILE = "";
				IPHONEOS_DEPLOYMENT_TARGET = 16.0;
				MTL_ENABLE_DEBUG_INFO = NO;
				MTL_FAST_MATH = YES;
				SDKROOT = iphoneos;
				SWIFT_COMPILATION_MODE = wholemodule;
				SWIFT_OPTIMIZATION_LEVEL = "-O";
				VALIDATE_PRODUCT = YES;
			};
			name = Release;
		};
		1E8FA55A2D0C6BD600C02D5E /* Debug */ = {
			isa = XCBuildConfiguration;
			buildSettings = {
				ASSETCATALOG_COMPILER_APPICON_NAME = AppIcon;
				ASSETCATALOG_COMPILER_GLOBAL_ACCENT_COLOR_NAME = AccentColor;
				CODE_SIGN_STYLE = Automatic;
				CURRENT_PROJECT_VERSION = 1;
				DEVELOPMENT_TEAM = 7W6A4RKP6A;
				GENERATE_INFOPLIST_FILE = YES;
				INFOPLIST_FILE = idealistaChallenge/Info.plist;
				INFOPLIST_KEY_UIApplicationSupportsIndirectInputEvents = YES;
				INFOPLIST_KEY_UILaunchStoryboardName = LaunchScreen;
				INFOPLIST_KEY_UIMainStoryboardFile = Main;
				INFOPLIST_KEY_UISupportedInterfaceOrientations_iPad = "UIInterfaceOrientationPortrait UIInterfaceOrientationPortraitUpsideDown UIInterfaceOrientationLandscapeLeft UIInterfaceOrientationLandscapeRight";
				INFOPLIST_KEY_UISupportedInterfaceOrientations_iPhone = "UIInterfaceOrientationPortrait UIInterfaceOrientationLandscapeLeft UIInterfaceOrientationLandscapeRight";
				IPHONEOS_DEPLOYMENT_TARGET = 15.0;
				LD_RUNPATH_SEARCH_PATHS = (
					"$(inherited)",
					"@executable_path/Frameworks",
				);
				MARKETING_VERSION = 1.0;
				PRODUCT_BUNDLE_IDENTIFIER = app.diegitsen.idealistaChallenge;
				PRODUCT_NAME = "$(TARGET_NAME)";
				SWIFT_EMIT_LOC_STRINGS = YES;
				SWIFT_VERSION = 5.0;
				TARGETED_DEVICE_FAMILY = "1,2";
			};
			name = Debug;
		};
		1E8FA55B2D0C6BD600C02D5E /* Release */ = {
			isa = XCBuildConfiguration;
			buildSettings = {
				ASSETCATALOG_COMPILER_APPICON_NAME = AppIcon;
				ASSETCATALOG_COMPILER_GLOBAL_ACCENT_COLOR_NAME = AccentColor;
				CODE_SIGN_STYLE = Automatic;
				CURRENT_PROJECT_VERSION = 1;
				DEVELOPMENT_TEAM = 7W6A4RKP6A;
				GENERATE_INFOPLIST_FILE = YES;
				INFOPLIST_FILE = idealistaChallenge/Info.plist;
				INFOPLIST_KEY_UIApplicationSupportsIndirectInputEvents = YES;
				INFOPLIST_KEY_UILaunchStoryboardName = LaunchScreen;
				INFOPLIST_KEY_UIMainStoryboardFile = Main;
				INFOPLIST_KEY_UISupportedInterfaceOrientations_iPad = "UIInterfaceOrientationPortrait UIInterfaceOrientationPortraitUpsideDown UIInterfaceOrientationLandscapeLeft UIInterfaceOrientationLandscapeRight";
				INFOPLIST_KEY_UISupportedInterfaceOrientations_iPhone = "UIInterfaceOrientationPortrait UIInterfaceOrientationLandscapeLeft UIInterfaceOrientationLandscapeRight";
				IPHONEOS_DEPLOYMENT_TARGET = 15.0;
				LD_RUNPATH_SEARCH_PATHS = (
					"$(inherited)",
					"@executable_path/Frameworks",
				);
				MARKETING_VERSION = 1.0;
				PRODUCT_BUNDLE_IDENTIFIER = app.diegitsen.idealistaChallenge;
				PRODUCT_NAME = "$(TARGET_NAME)";
				SWIFT_EMIT_LOC_STRINGS = YES;
				SWIFT_VERSION = 5.0;
				TARGETED_DEVICE_FAMILY = "1,2";
			};
			name = Release;
		};
		1E8FA55D2D0C6BD600C02D5E /* Debug */ = {
			isa = XCBuildConfiguration;
			buildSettings = {
				ALWAYS_EMBED_SWIFT_STANDARD_LIBRARIES = YES;
				BUNDLE_LOADER = "$(TEST_HOST)";
				CODE_SIGN_STYLE = Automatic;
				CURRENT_PROJECT_VERSION = 1;
				DEVELOPMENT_TEAM = 7W6A4RKP6A;
				GENERATE_INFOPLIST_FILE = YES;
				IPHONEOS_DEPLOYMENT_TARGET = 16.0;
				MARKETING_VERSION = 1.0;
				PRODUCT_BUNDLE_IDENTIFIER = app.diegitsen.idealistaChallengeTests;
				PRODUCT_NAME = "$(TARGET_NAME)";
				SWIFT_EMIT_LOC_STRINGS = NO;
				SWIFT_VERSION = 5.0;
				TARGETED_DEVICE_FAMILY = "1,2";
				TEST_HOST = "$(BUILT_PRODUCTS_DIR)/idealistaChallenge.app/$(BUNDLE_EXECUTABLE_FOLDER_PATH)/idealistaChallenge";
			};
			name = Debug;
		};
		1E8FA55E2D0C6BD600C02D5E /* Release */ = {
			isa = XCBuildConfiguration;
			buildSettings = {
				ALWAYS_EMBED_SWIFT_STANDARD_LIBRARIES = YES;
				BUNDLE_LOADER = "$(TEST_HOST)";
				CODE_SIGN_STYLE = Automatic;
				CURRENT_PROJECT_VERSION = 1;
				DEVELOPMENT_TEAM = 7W6A4RKP6A;
				GENERATE_INFOPLIST_FILE = YES;
				IPHONEOS_DEPLOYMENT_TARGET = 16.0;
				MARKETING_VERSION = 1.0;
				PRODUCT_BUNDLE_IDENTIFIER = app.diegitsen.idealistaChallengeTests;
				PRODUCT_NAME = "$(TARGET_NAME)";
				SWIFT_EMIT_LOC_STRINGS = NO;
				SWIFT_VERSION = 5.0;
				TARGETED_DEVICE_FAMILY = "1,2";
				TEST_HOST = "$(BUILT_PRODUCTS_DIR)/idealistaChallenge.app/$(BUNDLE_EXECUTABLE_FOLDER_PATH)/idealistaChallenge";
			};
			name = Release;
		};
		1E8FA5602D0C6BD600C02D5E /* Debug */ = {
			isa = XCBuildConfiguration;
			buildSettings = {
				ALWAYS_EMBED_SWIFT_STANDARD_LIBRARIES = YES;
				CODE_SIGN_STYLE = Automatic;
				CURRENT_PROJECT_VERSION = 1;
				DEVELOPMENT_TEAM = 7W6A4RKP6A;
				GENERATE_INFOPLIST_FILE = YES;
				MARKETING_VERSION = 1.0;
				PRODUCT_BUNDLE_IDENTIFIER = app.diegitsen.idealistaChallengeUITests;
				PRODUCT_NAME = "$(TARGET_NAME)";
				SWIFT_EMIT_LOC_STRINGS = NO;
				SWIFT_VERSION = 5.0;
				TARGETED_DEVICE_FAMILY = "1,2";
				TEST_TARGET_NAME = idealistaChallenge;
			};
			name = Debug;
		};
		1E8FA5612D0C6BD600C02D5E /* Release */ = {
			isa = XCBuildConfiguration;
			buildSettings = {
				ALWAYS_EMBED_SWIFT_STANDARD_LIBRARIES = YES;
				CODE_SIGN_STYLE = Automatic;
				CURRENT_PROJECT_VERSION = 1;
				DEVELOPMENT_TEAM = 7W6A4RKP6A;
				GENERATE_INFOPLIST_FILE = YES;
				MARKETING_VERSION = 1.0;
				PRODUCT_BUNDLE_IDENTIFIER = app.diegitsen.idealistaChallengeUITests;
				PRODUCT_NAME = "$(TARGET_NAME)";
				SWIFT_EMIT_LOC_STRINGS = NO;
				SWIFT_VERSION = 5.0;
				TARGETED_DEVICE_FAMILY = "1,2";
				TEST_TARGET_NAME = idealistaChallenge;
			};
			name = Release;
		};
/* End XCBuildConfiguration section */

/* Begin XCConfigurationList section */
		1E8FA5272D0C6BD000C02D5E /* Build configuration list for PBXProject "idealistaChallenge" */ = {
			isa = XCConfigurationList;
			buildConfigurations = (
				1E8FA5572D0C6BD600C02D5E /* Debug */,
				1E8FA5582D0C6BD600C02D5E /* Release */,
			);
			defaultConfigurationIsVisible = 0;
			defaultConfigurationName = Release;
		};
		1E8FA5592D0C6BD600C02D5E /* Build configuration list for PBXNativeTarget "idealistaChallenge" */ = {
			isa = XCConfigurationList;
			buildConfigurations = (
				1E8FA55A2D0C6BD600C02D5E /* Debug */,
				1E8FA55B2D0C6BD600C02D5E /* Release */,
			);
			defaultConfigurationIsVisible = 0;
			defaultConfigurationName = Release;
		};
		1E8FA55C2D0C6BD600C02D5E /* Build configuration list for PBXNativeTarget "idealistaChallengeTests" */ = {
			isa = XCConfigurationList;
			buildConfigurations = (
				1E8FA55D2D0C6BD600C02D5E /* Debug */,
				1E8FA55E2D0C6BD600C02D5E /* Release */,
			);
			defaultConfigurationIsVisible = 0;
			defaultConfigurationName = Release;
		};
		1E8FA55F2D0C6BD600C02D5E /* Build configuration list for PBXNativeTarget "idealistaChallengeUITests" */ = {
			isa = XCConfigurationList;
			buildConfigurations = (
				1E8FA5602D0C6BD600C02D5E /* Debug */,
				1E8FA5612D0C6BD600C02D5E /* Release */,
			);
			defaultConfigurationIsVisible = 0;
			defaultConfigurationName = Release;
		};
/* End XCConfigurationList section */

/* Begin XCVersionGroup section */
		1E8FA5382D0C6BD000C02D5E /* idealistaChallenge.xcdatamodeld */ = {
			isa = XCVersionGroup;
			children = (
				1E8FA5392D0C6BD000C02D5E /* idealistaChallenge.xcdatamodel */,
			);
			currentVersion = 1E8FA5392D0C6BD000C02D5E /* idealistaChallenge.xcdatamodel */;
			path = idealistaChallenge.xcdatamodeld;
			sourceTree = "<group>";
			versionGroupType = wrapper.xcdatamodel;
		};
		1E9AF7492D0FB0A400CC7EAF /* idealistaChallenge.xcdatamodeld */ = {
			isa = XCVersionGroup;
			children = (
				1E9AF74A2D0FB0A400CC7EAF /* idealistaChallenge.xcdatamodel */,
			);
			currentVersion = 1E9AF74A2D0FB0A400CC7EAF /* idealistaChallenge.xcdatamodel */;
			path = idealistaChallenge.xcdatamodeld;
			sourceTree = "<group>";
			versionGroupType = wrapper.xcdatamodel;
		};
/* End XCVersionGroup section */
	};
	rootObject = 1E8FA5242D0C6BD000C02D5E /* Project object */;
}
